
Microsoft Visual Studio Solution File, Format Version 12.00
# Visual Studio Version 17
VisualStudioVersion = 17.11.35312.102
MinimumVisualStudioVersion = 10.0.40219.1
Project("{9A19103F-16F7-4668-BE54-9A1E7A4F7556}") = "Que1", "Que1\Que1.csproj", "{9D54826D-849B-4AA1-8B66-3A5E99DC4FB5}"
EndProject
Project("{9A19103F-16F7-4668-BE54-9A1E7A4F7556}") = "Que2", "Que2\Que2.csproj", "{C94E49C2-5D70-4F37-998E-C0B40B0F063C}"
EndProject
Project("{9A19103F-16F7-4668-BE54-9A1E7A4F7556}") = "Que3", "Que3\Que3.csproj", "{EDC183B5-AC0F-425B-8A08-2D4F392384C9}"
EndProject
Project("{9A19103F-16F7-4668-BE54-9A1E7A4F7556}") = "Que4", "Que4\Que4.csproj", "{4393BE05-DA07-44D1-876C-096A97E22A37}"
EndProject
Project("{9A19103F-16F7-4668-BE54-9A1E7A4F7556}") = "Que5", "Que5\Que5.csproj", "{89D0FFC6-2C8A-46F8-A574-7DB3D248A7AA}"
EndProject
Project("{9A19103F-16F7-4668-BE54-9A1E7A4F7556}") = "Que6", "Que6\Que6.csproj", "{00240FC7-A11E-4213-AA60-126E73B42BD2}"
EndProject
Project("{9A19103F-16F7-4668-BE54-9A1E7A4F7556}") = "Que7", "Que7\Que7.csproj", "{70A2E406-A83D-48B5-B6C8-6F2DD78902BB}"
EndProject
Project("{9A19103F-16F7-4668-BE54-9A1E7A4F7556}") = "Que8", "Que8\Que8.csproj", "{5AF4AB8E-2F75-49EE-BCC3-B4B16F398281}"
EndProject
Project("{9A19103F-16F7-4668-BE54-9A1E7A4F7556}") = "Que9", "Que9\Que9.csproj", "{76827ADC-E4CF-4069-A262-22A27DF967FB}"
EndProject
Project("{9A19103F-16F7-4668-BE54-9A1E7A4F7556}") = "Que10", "Que10\Que10.csproj", "{1DA25A85-423C-471D-8157-E1E86A657CF8}"
EndProject
Project("{9A19103F-16F7-4668-BE54-9A1E7A4F7556}") = "Que11", "Que11\Que11.csproj", "{97F5E522-642D-489F-A78F-CAE053984EB8}"
EndProject
Project("{9A19103F-16F7-4668-BE54-9A1E7A4F7556}") = "Que12", "Que12\Que12.csproj", "{81BB4663-AFFE-498B-9892-A48639FBFA0D}"
EndProject
Project("{9A19103F-16F7-4668-BE54-9A1E7A4F7556}") = "Que13", "Que13\Que13.csproj", "{09E68B73-B6E7-4973-B3AD-875A501100DD}"
EndProject
Project("{9A19103F-16F7-4668-BE54-9A1E7A4F7556}") = "Que14", "Que14\Que14.csproj", "{0EDC8BE3-7C84-4D7C-BFE1-E74BDC892A48}"
EndProject
Project("{9A19103F-16F7-4668-BE54-9A1E7A4F7556}") = "Que15", "Que15\Que15.csproj", "{5A78E6FA-B1B7-41E0-B720-0C592087A0F6}"
EndProject
Project("{9A19103F-16F7-4668-BE54-9A1E7A4F7556}") = "Que16", "Que16\Que16.csproj", "{F0553F69-52BD-4C23-BAFB-F472EF74852C}"
EndProject
Project("{FAE04EC0-301F-11D3-BF4B-00C04F79EFBC}") = "Que17", "Que17\Que17.csproj", "{24E477BE-9D54-4961-9E64-44F67FD74EC3}"
EndProject
Global
	GlobalSection(SolutionConfigurationPlatforms) = preSolution
		Debug|Any CPU = Debug|Any CPU
		Release|Any CPU = Release|Any CPU
	EndGlobalSection
	GlobalSection(ProjectConfigurationPlatforms) = postSolution
		{9D54826D-849B-4AA1-8B66-3A5E99DC4FB5}.Debug|Any CPU.ActiveCfg = Debug|Any CPU
		{9D54826D-849B-4AA1-8B66-3A5E99DC4FB5}.Debug|Any CPU.Build.0 = Debug|Any CPU
		{9D54826D-849B-4AA1-8B66-3A5E99DC4FB5}.Release|Any CPU.ActiveCfg = Release|Any CPU
		{9D54826D-849B-4AA1-8B66-3A5E99DC4FB5}.Release|Any CPU.Build.0 = Release|Any CPU
		{C94E49C2-5D70-4F37-998E-C0B40B0F063C}.Debug|Any CPU.ActiveCfg = Debug|Any CPU
		{C94E49C2-5D70-4F37-998E-C0B40B0F063C}.Debug|Any CPU.Build.0 = Debug|Any CPU
		{C94E49C2-5D70-4F37-998E-C0B40B0F063C}.Release|Any CPU.ActiveCfg = Release|Any CPU
		{C94E49C2-5D70-4F37-998E-C0B40B0F063C}.Release|Any CPU.Build.0 = Release|Any CPU
		{EDC183B5-AC0F-425B-8A08-2D4F392384C9}.Debug|Any CPU.ActiveCfg = Debug|Any CPU
		{EDC183B5-AC0F-425B-8A08-2D4F392384C9}.Debug|Any CPU.Build.0 = Debug|Any CPU
		{EDC183B5-AC0F-425B-8A08-2D4F392384C9}.Release|Any CPU.ActiveCfg = Release|Any CPU
		{EDC183B5-AC0F-425B-8A08-2D4F392384C9}.Release|Any CPU.Build.0 = Release|Any CPU
		{4393BE05-DA07-44D1-876C-096A97E22A37}.Debug|Any CPU.ActiveCfg = Debug|Any CPU
		{4393BE05-DA07-44D1-876C-096A97E22A37}.Debug|Any CPU.Build.0 = Debug|Any CPU
		{4393BE05-DA07-44D1-876C-096A97E22A37}.Release|Any CPU.ActiveCfg = Release|Any CPU
		{4393BE05-DA07-44D1-876C-096A97E22A37}.Release|Any CPU.Build.0 = Release|Any CPU
		{89D0FFC6-2C8A-46F8-A574-7DB3D248A7AA}.Debug|Any CPU.ActiveCfg = Debug|Any CPU
		{89D0FFC6-2C8A-46F8-A574-7DB3D248A7AA}.Debug|Any CPU.Build.0 = Debug|Any CPU
		{89D0FFC6-2C8A-46F8-A574-7DB3D248A7AA}.Release|Any CPU.ActiveCfg = Release|Any CPU
		{89D0FFC6-2C8A-46F8-A574-7DB3D248A7AA}.Release|Any CPU.Build.0 = Release|Any CPU
		{00240FC7-A11E-4213-AA60-126E73B42BD2}.Debug|Any CPU.ActiveCfg = Debug|Any CPU
		{00240FC7-A11E-4213-AA60-126E73B42BD2}.Debug|Any CPU.Build.0 = Debug|Any CPU
		{00240FC7-A11E-4213-AA60-126E73B42BD2}.Release|Any CPU.ActiveCfg = Release|Any CPU
		{00240FC7-A11E-4213-AA60-126E73B42BD2}.Release|Any CPU.Build.0 = Release|Any CPU
		{70A2E406-A83D-48B5-B6C8-6F2DD78902BB}.Debug|Any CPU.ActiveCfg = Debug|Any CPU
		{70A2E406-A83D-48B5-B6C8-6F2DD78902BB}.Debug|Any CPU.Build.0 = Debug|Any CPU
		{70A2E406-A83D-48B5-B6C8-6F2DD78902BB}.Release|Any CPU.ActiveCfg = Release|Any CPU
		{70A2E406-A83D-48B5-B6C8-6F2DD78902BB}.Release|Any CPU.Build.0 = Release|Any CPU
		{5AF4AB8E-2F75-49EE-BCC3-B4B16F398281}.Debug|Any CPU.ActiveCfg = Debug|Any CPU
		{5AF4AB8E-2F75-49EE-BCC3-B4B16F398281}.Debug|Any CPU.Build.0 = Debug|Any CPU
		{5AF4AB8E-2F75-49EE-BCC3-B4B16F398281}.Release|Any CPU.ActiveCfg = Release|Any CPU
		{5AF4AB8E-2F75-49EE-BCC3-B4B16F398281}.Release|Any CPU.Build.0 = Release|Any CPU
		{76827ADC-E4CF-4069-A262-22A27DF967FB}.Debug|Any CPU.ActiveCfg = Debug|Any CPU
		{76827ADC-E4CF-4069-A262-22A27DF967FB}.Debug|Any CPU.Build.0 = Debug|Any CPU
		{76827ADC-E4CF-4069-A262-22A27DF967FB}.Release|Any CPU.ActiveCfg = Release|Any CPU
		{76827ADC-E4CF-4069-A262-22A27DF967FB}.Release|Any CPU.Build.0 = Release|Any CPU
		{1DA25A85-423C-471D-8157-E1E86A657CF8}.Debug|Any CPU.ActiveCfg = Debug|Any CPU
		{1DA25A85-423C-471D-8157-E1E86A657CF8}.Debug|Any CPU.Build.0 = Debug|Any CPU
		{1DA25A85-423C-471D-8157-E1E86A657CF8}.Release|Any CPU.ActiveCfg = Release|Any CPU
		{1DA25A85-423C-471D-8157-E1E86A657CF8}.Release|Any CPU.Build.0 = Release|Any CPU
		{97F5E522-642D-489F-A78F-CAE053984EB8}.Debug|Any CPU.ActiveCfg = Debug|Any CPU
		{97F5E522-642D-489F-A78F-CAE053984EB8}.Debug|Any CPU.Build.0 = Debug|Any CPU
		{97F5E522-642D-489F-A78F-CAE053984EB8}.Release|Any CPU.ActiveCfg = Release|Any CPU
		{97F5E522-642D-489F-A78F-CAE053984EB8}.Release|Any CPU.Build.0 = Release|Any CPU
		{81BB4663-AFFE-498B-9892-A48639FBFA0D}.Debug|Any CPU.ActiveCfg = Debug|Any CPU
		{81BB4663-AFFE-498B-9892-A48639FBFA0D}.Debug|Any CPU.Build.0 = Debug|Any CPU
		{81BB4663-AFFE-498B-9892-A48639FBFA0D}.Release|Any CPU.ActiveCfg = Release|Any CPU
		{81BB4663-AFFE-498B-9892-A48639FBFA0D}.Release|Any CPU.Build.0 = Release|Any CPU
		{09E68B73-B6E7-4973-B3AD-875A501100DD}.Debug|Any CPU.ActiveCfg = Debug|Any CPU
		{09E68B73-B6E7-4973-B3AD-875A501100DD}.Debug|Any CPU.Build.0 = Debug|Any CPU
		{09E68B73-B6E7-4973-B3AD-875A501100DD}.Release|Any CPU.ActiveCfg = Release|Any CPU
		{09E68B73-B6E7-4973-B3AD-875A501100DD}.Release|Any CPU.Build.0 = Release|Any CPU
		{0EDC8BE3-7C84-4D7C-BFE1-E74BDC892A48}.Debug|Any CPU.ActiveCfg = Debug|Any CPU
		{0EDC8BE3-7C84-4D7C-BFE1-E74BDC892A48}.Debug|Any CPU.Build.0 = Debug|Any CPU
		{0EDC8BE3-7C84-4D7C-BFE1-E74BDC892A48}.Release|Any CPU.ActiveCfg = Release|Any CPU
		{0EDC8BE3-7C84-4D7C-BFE1-E74BDC892A48}.Release|Any CPU.Build.0 = Release|Any CPU
		{5A78E6FA-B1B7-41E0-B720-0C592087A0F6}.Debug|Any CPU.ActiveCfg = Debug|Any CPU
		{5A78E6FA-B1B7-41E0-B720-0C592087A0F6}.Debug|Any CPU.Build.0 = Debug|Any CPU
		{5A78E6FA-B1B7-41E0-B720-0C592087A0F6}.Release|Any CPU.ActiveCfg = Release|Any CPU
		{5A78E6FA-B1B7-41E0-B720-0C592087A0F6}.Release|Any CPU.Build.0 = Release|Any CPU
		{F0553F69-52BD-4C23-BAFB-F472EF74852C}.Debug|Any CPU.ActiveCfg = Debug|Any CPU
		{F0553F69-52BD-4C23-BAFB-F472EF74852C}.Debug|Any CPU.Build.0 = Debug|Any CPU
		{F0553F69-52BD-4C23-BAFB-F472EF74852C}.Release|Any CPU.ActiveCfg = Release|Any CPU
		{F0553F69-52BD-4C23-BAFB-F472EF74852C}.Release|Any CPU.Build.0 = Release|Any CPU
		{24E477BE-9D54-4961-9E64-44F67FD74EC3}.Debug|Any CPU.ActiveCfg = Debug|Any CPU
		{24E477BE-9D54-4961-9E64-44F67FD74EC3}.Debug|Any CPU.Build.0 = Debug|Any CPU
		{24E477BE-9D54-4961-9E64-44F67FD74EC3}.Release|Any CPU.ActiveCfg = Release|Any CPU
		{24E477BE-9D54-4961-9E64-44F67FD74EC3}.Release|Any CPU.Build.0 = Release|Any CPU
	EndGlobalSection
	GlobalSection(SolutionProperties) = preSolution
		HideSolutionNode = FALSE
	EndGlobalSection
	GlobalSection(ExtensibilityGlobals) = postSolution
		SolutionGuid = {46355882-E504-4370-9ADA-D3194AA27EB8}
	EndGlobalSection
EndGlobal
